// !$*UTF8*$!
{
	archiveVersion = 1;
	classes = {
	};
	objectVersion = 50;
	objects = {

/* Begin PBXBuildFile section */
		C919548E2291EADE0010A02F /* AppDelegate.swift in Sources */ = {isa = PBXBuildFile; fileRef = C919548D2291EADE0010A02F /* AppDelegate.swift */; };
		C91954902291EADE0010A02F /* ViewController.swift in Sources */ = {isa = PBXBuildFile; fileRef = C919548F2291EADE0010A02F /* ViewController.swift */; };
		C91954932291EADE0010A02F /* Main.storyboard in Resources */ = {isa = PBXBuildFile; fileRef = C91954912291EADE0010A02F /* Main.storyboard */; };
		C91954962291EADE0010A02F /* InspiringApp.xcdatamodeld in Sources */ = {isa = PBXBuildFile; fileRef = C91954942291EADE0010A02F /* InspiringApp.xcdatamodeld */; };
		C91954982291EAE10010A02F /* Assets.xcassets in Resources */ = {isa = PBXBuildFile; fileRef = C91954972291EAE10010A02F /* Assets.xcassets */; };
		C919549B2291EAE10010A02F /* LaunchScreen.storyboard in Resources */ = {isa = PBXBuildFile; fileRef = C91954992291EAE10010A02F /* LaunchScreen.storyboard */; };
		C91954A62291FC1C0010A02F /* Entry.swift in Sources */ = {isa = PBXBuildFile; fileRef = C91954A52291FC1C0010A02F /* Entry.swift */; };
		C949C6D82292250600BAC896 /* SequenceCell.swift in Sources */ = {isa = PBXBuildFile; fileRef = C949C6D72292250600BAC896 /* SequenceCell.swift */; };
		C9FFE4412292C79600EA2564 /* TableViewController.swift in Sources */ = {isa = PBXBuildFile; fileRef = C9FFE4402292C79600EA2564 /* TableViewController.swift */; };
/* End PBXBuildFile section */

/* Begin PBXFileReference section */
		C919548A2291EADE0010A02F /* InspiringApp.app */ = {isa = PBXFileReference; explicitFileType = wrapper.application; includeInIndex = 0; path = InspiringApp.app; sourceTree = BUILT_PRODUCTS_DIR; };
		C919548D2291EADE0010A02F /* AppDelegate.swift */ = {isa = PBXFileReference; lastKnownFileType = sourcecode.swift; path = AppDelegate.swift; sourceTree = "<group>"; };
		C919548F2291EADE0010A02F /* ViewController.swift */ = {isa = PBXFileReference; lastKnownFileType = sourcecode.swift; path = ViewController.swift; sourceTree = "<group>"; };
		C91954922291EADE0010A02F /* Base */ = {isa = PBXFileReference; lastKnownFileType = file.storyboard; name = Base; path = Base.lproj/Main.storyboard; sourceTree = "<group>"; };
		C91954952291EADE0010A02F /* InspiringApp.xcdatamodel */ = {isa = PBXFileReference; lastKnownFileType = wrapper.xcdatamodel; path = InspiringApp.xcdatamodel; sourceTree = "<group>"; };
		C91954972291EAE10010A02F /* Assets.xcassets */ = {isa = PBXFileReference; lastKnownFileType = folder.assetcatalog; path = Assets.xcassets; sourceTree = "<group>"; };
		C919549A2291EAE10010A02F /* Base */ = {isa = PBXFileReference; lastKnownFileType = file.storyboard; name = Base; path = Base.lproj/LaunchScreen.storyboard; sourceTree = "<group>"; };
		C919549C2291EAE10010A02F /* Info.plist */ = {isa = PBXFileReference; lastKnownFileType = text.plist.xml; path = Info.plist; sourceTree = "<group>"; };
		C91954A52291FC1C0010A02F /* Entry.swift */ = {isa = PBXFileReference; lastKnownFileType = sourcecode.swift; path = Entry.swift; sourceTree = "<group>"; };
		C949C6D72292250600BAC896 /* SequenceCell.swift */ = {isa = PBXFileReference; lastKnownFileType = sourcecode.swift; path = SequenceCell.swift; sourceTree = "<group>"; };
		C9FFE4402292C79600EA2564 /* TableViewController.swift */ = {isa = PBXFileReference; lastKnownFileType = sourcecode.swift; path = TableViewController.swift; sourceTree = "<group>"; };
/* End PBXFileReference section */

/* Begin PBXFrameworksBuildPhase section */
		C91954872291EADE0010A02F /* Frameworks */ = {
			isa = PBXFrameworksBuildPhase;
			buildActionMask = 2147483647;
			files = (
			);
			runOnlyForDeploymentPostprocessing = 0;
		};
/* End PBXFrameworksBuildPhase section */

/* Begin PBXGroup section */
		C91954812291EADE0010A02F = {
			isa = PBXGroup;
			children = (
				C919548C2291EADE0010A02F /* InspiringApp */,
				C919548B2291EADE0010A02F /* Products */,
			);
			sourceTree = "<group>";
		};
		C919548B2291EADE0010A02F /* Products */ = {
			isa = PBXGroup;
			children = (
				C919548A2291EADE0010A02F /* InspiringApp.app */,
			);
			name = Products;
			sourceTree = "<group>";
		};
		C919548C2291EADE0010A02F /* InspiringApp */ = {
			isa = PBXGroup;
			children = (
				C949C6DB2292306B00BAC896 /* View */,
				C949C6DA2292305900BAC896 /* Model */,
				C949C6D92292304900BAC896 /* Controller */,
				C919548D2291EADE0010A02F /* AppDelegate.swift */,
				C91954972291EAE10010A02F /* Assets.xcassets */,
				C91954992291EAE10010A02F /* LaunchScreen.storyboard */,
				C919549C2291EAE10010A02F /* Info.plist */,
				C91954942291EADE0010A02F /* InspiringApp.xcdatamodeld */,
			);
			path = InspiringApp;
			sourceTree = "<group>";
		};
		C949C6D92292304900BAC896 /* Controller */ = {
			isa = PBXGroup;
			children = (
				C919548F2291EADE0010A02F /* ViewController.swift */,
				C9FFE4402292C79600EA2564 /* TableViewController.swift */,
			);
			path = Controller;
			sourceTree = "<group>";
		};
		C949C6DA2292305900BAC896 /* Model */ = {
			isa = PBXGroup;
			children = (
				C91954A52291FC1C0010A02F /* Entry.swift */,
			);
			path = Model;
			sourceTree = "<group>";
		};
		C949C6DB2292306B00BAC896 /* View */ = {
			isa = PBXGroup;
			children = (
				C91954912291EADE0010A02F /* Main.storyboard */,
				C949C6D72292250600BAC896 /* SequenceCell.swift */,
			);
			path = View;
			sourceTree = "<group>";
		};
/* End PBXGroup section */

/* Begin PBXNativeTarget section */
		C91954892291EADE0010A02F /* InspiringApp */ = {
			isa = PBXNativeTarget;
			buildConfigurationList = C919549F2291EAE10010A02F /* Build configuration list for PBXNativeTarget "InspiringApp" */;
			buildPhases = (
				C91954862291EADE0010A02F /* Sources */,
				C91954872291EADE0010A02F /* Frameworks */,
				C91954882291EADE0010A02F /* Resources */,
			);
			buildRules = (
			);
			dependencies = (
			);
			name = InspiringApp;
			productName = InspiringApp;
			productReference = C919548A2291EADE0010A02F /* InspiringApp.app */;
			productType = "com.apple.product-type.application";
		};
/* End PBXNativeTarget section */

/* Begin PBXProject section */
		C91954822291EADE0010A02F /* Project object */ = {
			isa = PBXProject;
			attributes = {
				LastSwiftUpdateCheck = 1020;
				LastUpgradeCheck = 1020;
				ORGANIZATIONNAME = "Jun Kakeno";
				TargetAttributes = {
					C91954892291EADE0010A02F = {
						CreatedOnToolsVersion = 10.2.1;
					};
				};
			};
			buildConfigurationList = C91954852291EADE0010A02F /* Build configuration list for PBXProject "InspiringApp" */;
			compatibilityVersion = "Xcode 9.3";
			developmentRegion = en;
			hasScannedForEncodings = 0;
			knownRegions = (
				en,
				Base,
			);
			mainGroup = C91954812291EADE0010A02F;
			productRefGroup = C919548B2291EADE0010A02F /* Products */;
			projectDirPath = "";
			projectRoot = "";
			targets = (
				C91954892291EADE0010A02F /* InspiringApp */,
			);
		};
/* End PBXProject section */

/* Begin PBXResourcesBuildPhase section */
		C91954882291EADE0010A02F /* Resources */ = {
			isa = PBXResourcesBuildPhase;
			buildActionMask = 2147483647;
			files = (
				C919549B2291EAE10010A02F /* LaunchScreen.storyboard in Resources */,
				C91954982291EAE10010A02F /* Assets.xcassets in Resources */,
				C91954932291EADE0010A02F /* Main.storyboard in Resources */,
			);
			runOnlyForDeploymentPostprocessing = 0;
		};
/* End PBXResourcesBuildPhase section */

/* Begin PBXSourcesBuildPhase section */
		C91954862291EADE0010A02F /* Sources */ = {
			isa = PBXSourcesBuildPhase;
			buildActionMask = 2147483647;
			files = (
				C9FFE4412292C79600EA2564 /* TableViewController.swift in Sources */,
				C91954A62291FC1C0010A02F /* Entry.swift in Sources */,
				C949C6D82292250600BAC896 /* SequenceCell.swift in Sources */,
				C91954902291EADE0010A02F /* ViewController.swift in Sources */,
				C919548E2291EADE0010A02F /* AppDelegate.swift in Sources */,
				C91954962291EADE0010A02F /* InspiringApp.xcdatamodeld in Sources */,
			);
			runOnlyForDeploymentPostprocessing = 0;
		};
/* End PBXSourcesBuildPhase section */

/* Begin PBXVariantGroup section */
		C91954912291EADE0010A02F /* Main.storyboard */ = {
			isa = PBXVariantGroup;
			children = (
				C91954922291EADE0010A02F /* Base */,
			);
			name = Main.storyboard;
			sourceTree = "<group>";
		};
		C91954992291EAE10010A02F /* LaunchScreen.storyboard */ = {
			isa = PBXVariantGroup;
			children = (
				C919549A2291EAE10010A02F /* Base */,
			);
			name = LaunchScreen.storyboard;
			sourceTree = "<group>";
		};
/* End PBXVariantGroup section */

/* Begin XCBuildConfiguration section */
		C919549D2291EAE10010A02F /* Debug */ = {
			isa = XCBuildConfiguration;
			buildSettings = {
				ALWAYS_SEARCH_USER_PATHS = NO;
				CLANG_ANALYZER_NONNULL = YES;
				CLANG_ANALYZER_NUMBER_OBJECT_CONVERSION = YES_AGGRESSIVE;
				CLANG_CXX_LANGUAGE_STANDARD = "gnu++14";
				CLANG_CXX_LIBRARY = "libc++";
				CLANG_ENABLE_MODULES = YES;
				CLANG_ENABLE_OBJC_ARC = YES;
				CLANG_ENABLE_OBJC_WEAK = YES;
				CLANG_WARN_BLOCK_CAPTURE_AUTORELEASING = YES;
				CLANG_WARN_BOOL_CONVERSION = YES;
				CLANG_WARN_COMMA = YES;
				CLANG_WARN_CONSTANT_CONVERSION = YES;
				CLANG_WARN_DEPRECATED_OBJC_IMPLEMENTATIONS = YES;
				CLANG_WARN_DIRECT_OBJC_ISA_USAGE = YES_ERROR;
				CLANG_WARN_DOCUMENTATION_COMMENTS = YES;
				CLANG_WARN_EMPTY_BODY = YES;
				CLANG_WARN_ENUM_CONVERSION = YES;
				CLANG_WARN_INFINITE_RECURSION = YES;
				CLANG_WARN_INT_CONVERSION = YES;
				CLANG_WARN_NON_LITERAL_NULL_CONVERSION = YES;
				CLANG_WARN_OBJC_IMPLICIT_RETAIN_SELF = YES;
				CLANG_WARN_OBJC_LITERAL_CONVERSION = YES;
				CLANG_WARN_OBJC_ROOT_CLASS = YES_ERROR;
				CLANG_WARN_RANGE_LOOP_ANALYSIS = YES;
				CLANG_WARN_STRICT_PROTOTYPES = YES;
				CLANG_WARN_SUSPICIOUS_MOVE = YES;
				CLANG_WARN_UNGUARDED_AVAILABILITY = YES_AGGRESSIVE;
				CLANG_WARN_UNREACHABLE_CODE = YES;
				CLANG_WARN__DUPLICATE_METHOD_MATCH = YES;
				CODE_SIGN_IDENTITY = "iPhone Developer";
				COPY_PHASE_STRIP = NO;
				DEBUG_INFORMATION_FORMAT = dwarf;
				ENABLE_STRICT_OBJC_MSGSEND = YES;
				ENABLE_TESTABILITY = YES;
				GCC_C_LANGUAGE_STANDARD = gnu11;
				GCC_DYNAMIC_NO_PIC = NO;
				GCC_NO_COMMON_BLOCKS = YES;
				GCC_OPTIMIZATION_LEVEL = 0;
				GCC_PREPROCESSOR_DEFINITIONS = (
					"DEBUG=1",
					"$(inherited)",
				);
				GCC_WARN_64_TO_32_BIT_CONVERSION = YES;
				GCC_WARN_ABOUT_RETURN_TYPE = YES_ERROR;
				GCC_WARN_UNDECLARED_SELECTOR = YES;
				GCC_WARN_UNINITIALIZED_AUTOS = YES_AGGRESSIVE;
				GCC_WARN_UNUSED_FUNCTION = YES;
				GCC_WARN_UNUSED_VARIABLE = YES;
				IPHONEOS_DEPLOYMENT_TARGET = 12.2;
				MTL_ENABLE_DEBUG_INFO = INCLUDE_SOURCE;
				MTL_FAST_MATH = YES;
				ONLY_ACTIVE_ARCH = YES;
				SDKROOT = iphoneos;
				SWIFT_ACTIVE_COMPILATION_CONDITIONS = DEBUG;
				SWIFT_OPTIMIZATION_LEVEL = "-Onone";
			};
			name = Debug;
		};
		C919549E2291EAE10010A02F /* Release */ = {
			isa = XCBuildConfiguration;
			buildSettings = {
				ALWAYS_SEARCH_USER_PATHS = NO;
				CLANG_ANALYZER_NONNULL = YES;
				CLANG_ANALYZER_NUMBER_OBJECT_CONVERSION = YES_AGGRESSIVE;
				CLANG_CXX_LANGUAGE_STANDARD = "gnu++14";
				CLANG_CXX_LIBRARY = "libc++";
				CLANG_ENABLE_MODULES = YES;
				CLANG_ENABLE_OBJC_ARC = YES;
				CLANG_ENABLE_OBJC_WEAK = YES;
				CLANG_WARN_BLOCK_CAPTURE_AUTORELEASING = YES;
				CLANG_WARN_BOOL_CONVERSION = YES;
				CLANG_WARN_COMMA = YES;
				CLANG_WARN_CONSTANT_CONVERSION = YES;
				CLANG_WARN_DEPRECATED_OBJC_IMPLEMENTATIONS = YES;
				CLANG_WARN_DIRECT_OBJC_ISA_USAGE = YES_ERROR;
				CLANG_WARN_DOCUMENTATION_COMMENTS = YES;
				CLANG_WARN_EMPTY_BODY = YES;
				CLANG_WARN_ENUM_CONVERSION = YES;
				CLANG_WARN_INFINITE_RECURSION = YES;
				CLANG_WARN_INT_CONVERSION = YES;
				CLANG_WARN_NON_LITERAL_NULL_CONVERSION = YES;
				CLANG_WARN_OBJC_IMPLICIT_RETAIN_SELF = YES;
				CLANG_WARN_OBJC_LITERAL_CONVERSION = YES;
				CLANG_WARN_OBJC_ROOT_CLASS = YES_ERROR;
				CLANG_WARN_RANGE_LOOP_ANALYSIS = YES;
				CLANG_WARN_STRICT_PROTOTYPES = YES;
				CLANG_WARN_SUSPICIOUS_MOVE = YES;
				CLANG_WARN_UNGUARDED_AVAILABILITY = YES_AGGRESSIVE;
				CLANG_WARN_UNREACHABLE_CODE = YES;
				CLANG_WARN__DUPLICATE_METHOD_MATCH = YES;
				CODE_SIGN_IDENTITY = "iPhone Developer";
				COPY_PHASE_STRIP = NO;
				DEBUG_INFORMATION_FORMAT = "dwarf-with-dsym";
				ENABLE_NS_ASSERTIONS = NO;
				ENABLE_STRICT_OBJC_MSGSEND = YES;
				GCC_C_LANGUAGE_STANDARD = gnu11;
				GCC_NO_COMMON_BLOCKS = YES;
				GCC_WARN_64_TO_32_BIT_CONVERSION = YES;
				GCC_WARN_ABOUT_RETURN_TYPE = YES_ERROR;
				GCC_WARN_UNDECLARED_SELECTOR = YES;
				GCC_WARN_UNINITIALIZED_AUTOS = YES_AGGRESSIVE;
				GCC_WARN_UNUSED_FUNCTION = YES;
				GCC_WARN_UNUSED_VARIABLE = YES;
				IPHONEOS_DEPLOYMENT_TARGET = 12.2;
				MTL_ENABLE_DEBUG_INFO = NO;
				MTL_FAST_MATH = YES;
				SDKROOT = iphoneos;
				SWIFT_COMPILATION_MODE = wholemodule;
				SWIFT_OPTIMIZATION_LEVEL = "-O";
				VALIDATE_PRODUCT = YES;
			};
			name = Release;
		};
		C91954A02291EAE10010A02F /* Debug */ = {
			isa = XCBuildConfiguration;
			buildSettings = {
				ASSETCATALOG_COMPILER_APPICON_NAME = AppIcon;
				CODE_SIGN_STYLE = Automatic;
				DEVELOPMENT_TEAM = TK9NBZDJW8;
				INFOPLIST_FILE = InspiringApp/Info.plist;
				IPHONEOS_DEPLOYMENT_TARGET = 12.2;
				LD_RUNPATH_SEARCH_PATHS = (
					"$(inherited)",
					"@executable_path/Frameworks",
				);
				PRODUCT_BUNDLE_IDENTIFIER = junkakeno.InspiringApp;
				PRODUCT_NAME = "$(TARGET_NAME)";
				SWIFT_VERSION = 5.0;
				TARGETED_DEVICE_FAMILY = "1,2";
			};
			name = Debug;
		};
		C91954A12291EAE10010A02F /* Release */ = {
			isa = XCBuildConfiguration;
			buildSettings = {
				ASSETCATALOG_COMPILER_APPICON_NAME = AppIcon;
				CODE_SIGN_STYLE = Automatic;
				DEVELOPMENT_TEAM = TK9NBZDJW8;
				INFOPLIST_FILE = InspiringApp/Info.plist;
				IPHONEOS_DEPLOYMENT_TARGET = 12.2;
				LD_RUNPATH_SEARCH_PATHS = (
					"$(inherited)",
					"@executable_path/Frameworks",
				);
				PRODUCT_BUNDLE_IDENTIFIER = junkakeno.InspiringApp;
				PRODUCT_NAME = "$(TARGET_NAME)";
				SWIFT_VERSION = 5.0;
				TARGETED_DEVICE_FAMILY = "1,2";
			};
			name = Release;
		};
/* End XCBuildConfiguration section */

/* Begin XCConfigurationList section */
		C91954852291EADE0010A02F /* Build configuration list for PBXProject "InspiringApp" */ = {
			isa = XCConfigurationList;
			buildConfigurations = (
				C919549D2291EAE10010A02F /* Debug */,
				C919549E2291EAE10010A02F /* Release */,
			);
			defaultConfigurationIsVisible = 0;
			defaultConfigurationName = Release;
		};
		C919549F2291EAE10010A02F /* Build configuration list for PBXNativeTarget "InspiringApp" */ = {
			isa = XCConfigurationList;
			buildConfigurations = (
				C91954A02291EAE10010A02F /* Debug */,
				C91954A12291EAE10010A02F /* Release */,
			);
			defaultConfigurationIsVisible = 0;
			defaultConfigurationName = Release;
		};
/* End XCConfigurationList section */

/* Begin XCVersionGroup section */
		C91954942291EADE0010A02F /* InspiringApp.xcdatamodeld */ = {
			isa = XCVersionGroup;
			children = (
				C91954952291EADE0010A02F /* InspiringApp.xcdatamodel */,
			);
			currentVersion = C91954952291EADE0010A02F /* InspiringApp.xcdatamodel */;
			path = InspiringApp.xcdatamodeld;
			sourceTree = "<group>";
			versionGroupType = wrapper.xcdatamodel;
		};
/* End XCVersionGroup section */
	};
	rootObject = C91954822291EADE0010A02F /* Project object */;
}
